{
  "lockfile_version": "1",
  "packages": {
    "github:NixOS/nixpkgs/nixpkgs-unstable": {
      "resolved": "github:NixOS/nixpkgs/a7fc11be66bdfb5cdde611ee5ce381c183da8386?lastModified=1761880412&narHash=sha256-QoJjGd4NstnyOG4mm4KXF%2BweBzA2AH%2F7gn1Pmpfcb0A%3D"
    },
    "libmemcached@latest": {
      "last_modified": "2025-10-07T08:41:47Z",
      "resolved": "github:NixOS/nixpkgs/bce5fe2bb998488d8e7e7856315f90496723793c#libmemcached",
      "source": "devbox-search",
      "version": "1.0.18",
      "systems": {
        "aarch64-darwin": {
          "outputs": [
            {
              "name": "out",
              "path": "/nix/store/hvq13f4g2yzg4ir8zms3qljdg70kx2nk-libmemcached-1.0.18",
              "default": true
            }
          ],
          "store_path": "/nix/store/hvq13f4g2yzg4ir8zms3qljdg70kx2nk-libmemcached-1.0.18"
        },
        "aarch64-linux": {
          "outputs": [
            {
              "name": "out",
              "path": "/nix/store/pgbw4r2l1k6r4jkj3rx9z1sjvffkzlgj-libmemcached-1.0.18",
              "default": true
            }
          ],
          "store_path": "/nix/store/pgbw4r2l1k6r4jkj3rx9z1sjvffkzlgj-libmemcached-1.0.18"
        },
        "x86_64-darwin": {
          "outputs": [
            {
              "name": "out",
              "path": "/nix/store/22p6w02llxgwwvzgrjhiawfhprxs0gn1-libmemcached-1.0.18",
              "default": true
            }
          ],
          "store_path": "/nix/store/22p6w02llxgwwvzgrjhiawfhprxs0gn1-libmemcached-1.0.18"
        },
        "x86_64-linux": {
          "outputs": [
            {
              "name": "out",
              "path": "/nix/store/1zqgqb0iv0q53q0laxmwbhbvzrpid72d-libmemcached-1.0.18",
              "default": true
            }
          ],
          "store_path": "/nix/store/1zqgqb0iv0q53q0laxmwbhbvzrpid72d-libmemcached-1.0.18"
        }
      }
    },
    "mailpit@latest": {
      "last_modified": "2025-10-13T09:56:54Z",
      "resolved": "github:NixOS/nixpkgs/c12c63cd6c5eb34c7b4c3076c6a99e00fcab86ec#mailpit",
      "source": "devbox-search",
      "version": "1.27.10",
      "systems": {
        "aarch64-darwin": {
          "outputs": [
            {
              "name": "out",
              "path": "/nix/store/hygcxbx8nbzgmzj2861pq8371sbk9vxx-mailpit-1.27.10",
              "default": true
            }
          ],
          "store_path": "/nix/store/hygcxbx8nbzgmzj2861pq8371sbk9vxx-mailpit-1.27.10"
        },
        "aarch64-linux": {
          "outputs": [
            {
              "name": "out",
              "path": "/nix/store/i562vdjasq196kw3zxsq2faqxk0jia35-mailpit-1.27.10",
              "default": true
            }
          ],
          "store_path": "/nix/store/i562vdjasq196kw3zxsq2faqxk0jia35-mailpit-1.27.10"
        },
        "x86_64-darwin": {
          "outputs": [
            {
              "name": "out",
              "path": "/nix/store/iw496lj2zl7yyhr584gl3gmlpwfgwywz-mailpit-1.27.10",
              "default": true
            }
          ],
          "store_path": "/nix/store/iw496lj2zl7yyhr584gl3gmlpwfgwywz-mailpit-1.27.10"
        },
        "x86_64-linux": {
          "outputs": [
            {
              "name": "out",
              "path": "/nix/store/31p7d3r6ngcyy19asv92590aihcpcw2y-mailpit-1.27.10",
              "default": true
            }
          ],
          "store_path": "/nix/store/31p7d3r6ngcyy19asv92590aihcpcw2y-mailpit-1.27.10"
        }
      }
    },
    "memcached@latest": {
      "last_modified": "2025-10-07T08:41:47Z",
      "resolved": "github:NixOS/nixpkgs/bce5fe2bb998488d8e7e7856315f90496723793c#memcached",
      "source": "devbox-search",
      "version": "1.6.39",
      "systems": {
        "aarch64-darwin": {
          "outputs": [
            {
              "name": "out",
              "path": "/nix/store/ihnmlzfs4bj1iza5jrhd69j7cfxk98c9-memcached-1.6.39",
              "default": true
            }
          ],
          "store_path": "/nix/store/ihnmlzfs4bj1iza5jrhd69j7cfxk98c9-memcached-1.6.39"
        },
        "aarch64-linux": {
          "outputs": [
            {
              "name": "out",
              "path": "/nix/store/ikqynsvdx49dyfyvjc9dzal3793x3q12-memcached-1.6.39",
              "default": true
            }
          ],
          "store_path": "/nix/store/ikqynsvdx49dyfyvjc9dzal3793x3q12-memcached-1.6.39"
        },
        "x86_64-darwin": {
          "outputs": [
            {
              "name": "out",
              "path": "/nix/store/pmljf231q2z42c3fqphy16nwb1238rvw-memcached-1.6.39",
              "default": true
            }
          ],
          "store_path": "/nix/store/pmljf231q2z42c3fqphy16nwb1238rvw-memcached-1.6.39"
        },
        "x86_64-linux": {
          "outputs": [
            {
              "name": "out",
              "path": "/nix/store/mr6k45aw0srb2vl5azd2ndyh77fdqkp7-memcached-1.6.39",
              "default": true
            }
          ],
          "store_path": "/nix/store/mr6k45aw0srb2vl5azd2ndyh77fdqkp7-memcached-1.6.39"
        }
      }
    },
    "pdm@latest": {
      "last_modified": "2025-10-07T08:41:47Z",
      "resolved": "github:NixOS/nixpkgs/bce5fe2bb998488d8e7e7856315f90496723793c#pdm",
      "source": "devbox-search",
      "version": "2.25.9",
      "systems": {
        "aarch64-darwin": {
          "outputs": [
            {
              "name": "out",
              "path": "/nix/store/fali4xk6c9dv1cfp6yshc83k7knn4jkm-pdm-2.25.9",
              "default": true
            },
            {
              "name": "dist",
              "path": "/nix/store/84h5gp6xqz6ivgwdv1hs72nkrhr1jp6w-pdm-2.25.9-dist"
            }
          ],
          "store_path": "/nix/store/fali4xk6c9dv1cfp6yshc83k7knn4jkm-pdm-2.25.9"
        },
        "aarch64-linux": {
          "outputs": [
            {
              "name": "out",
              "path": "/nix/store/d444f8wq1zf4w5vmm95lsh25m60dp3b0-pdm-2.25.9",
              "default": true
            },
            {
              "name": "dist",
              "path": "/nix/store/dhx4hdxizq8zrvwajs4qiz26n5bk4g71-pdm-2.25.9-dist"
            }
          ],
          "store_path": "/nix/store/d444f8wq1zf4w5vmm95lsh25m60dp3b0-pdm-2.25.9"
        },
        "x86_64-darwin": {
          "outputs": [
            {
              "name": "out",
              "path": "/nix/store/b3628r7jbv1i70jajx3z25q4pwxrq1dg-pdm-2.25.9",
              "default": true
            },
            {
              "name": "dist",
              "path": "/nix/store/i4349788frmbv2kcpnnh6dh91hhgcbss-pdm-2.25.9-dist"
            }
          ],
          "store_path": "/nix/store/b3628r7jbv1i70jajx3z25q4pwxrq1dg-pdm-2.25.9"
        },
        "x86_64-linux": {
          "outputs": [
            {
              "name": "out",
              "path": "/nix/store/w9mvh1lpwwyxh1h2z5bypvvvvxwdjbyd-pdm-2.25.9",
              "default": true
            },
            {
              "name": "dist",
              "path": "/nix/store/q4dp9wx7g79hknqgly1nccrdwvxr274j-pdm-2.25.9-dist"
            }
          ],
          "store_path": "/nix/store/w9mvh1lpwwyxh1h2z5bypvvvvxwdjbyd-pdm-2.25.9"
        }
      }
    },
    "python@3.13": {
      "last_modified": "2025-05-16T20:19:48Z",
      "plugin_version": "0.0.4",
      "resolved": "github:NixOS/nixpkgs/12a55407652e04dcf2309436eb06fef0d3713ef3#python313",
      "source": "devbox-search",
      "version": "3.13.3",
      "systems": {
        "aarch64-darwin": {
          "outputs": [
            {
              "name": "out",
              "path": "/nix/store/1a8xg8l3m67hxinxzzcsak9736qm9vsf-python3-3.13.3",
              "default": true
            }
          ],
          "store_path": "/nix/store/1a8xg8l3m67hxinxzzcsak9736qm9vsf-python3-3.13.3"
        },
        "aarch64-linux": {
          "outputs": [
            {
              "name": "out",
              "path": "/nix/store/yy0xvc2rydhrs0h1v8d7r3sql347xzz5-python3-3.13.3",
              "default": true
            },
            {
              "name": "debug",
              "path": "/nix/store/42bxfqfrh8cwspl7szr0cw8739xv8qlq-python3-3.13.3-debug"
            }
          ],
          "store_path": "/nix/store/yy0xvc2rydhrs0h1v8d7r3sql347xzz5-python3-3.13.3"
        },
        "x86_64-darwin": {
          "outputs": [
            {
              "name": "out",
              "path": "/nix/store/gbrigjhghz9v2p0zf9b2fnvs0g0yx7q4-python3-3.13.3",
              "default": true
            }
          ],
          "store_path": "/nix/store/gbrigjhghz9v2p0zf9b2fnvs0g0yx7q4-python3-3.13.3"
        },
        "x86_64-linux": {
          "outputs": [
            {
              "name": "out",
              "path": "/nix/store/2mab9iiwhcqwk75qwvp3zv0bvbiaq6cs-python3-3.13.3",
              "default": true
            },
            {
              "name": "debug",
              "path": "/nix/store/9z6k8ijl2md0y2n95yprbjj4vxbfsi15-python3-3.13.3-debug"
            }
          ],
          "store_path": "/nix/store/2mab9iiwhcqwk75qwvp3zv0bvbiaq6cs-python3-3.13.3"
        }
      }
    },
    "redis@latest": {
      "last_modified": "2025-10-07T08:41:47Z",
      "plugin_version": "0.0.2",
      "resolved": "github:NixOS/nixpkgs/bce5fe2bb998488d8e7e7856315f90496723793c#redis",
      "source": "devbox-search",
      "version": "8.2.2",
      "systems": {
        "aarch64-darwin": {
          "outputs": [
            {
              "name": "out",
              "path": "/nix/store/cnwxss9snn773vwr2vb0b6jx7lznmac2-redis-8.2.2",
              "default": true
            }
          ],
          "store_path": "/nix/store/cnwxss9snn773vwr2vb0b6jx7lznmac2-redis-8.2.2"
        },
        "aarch64-linux": {
          "outputs": [
            {
              "name": "out",
              "path": "/nix/store/nml062djj2nfc7zgn2q93g0swgrbdqbc-redis-8.2.2",
              "default": true
            }
          ],
          "store_path": "/nix/store/nml062djj2nfc7zgn2q93g0swgrbdqbc-redis-8.2.2"
        },
        "x86_64-darwin": {
          "outputs": [
            {
              "name": "out",
              "path": "/nix/store/vixhsgdlv2d8hm66jkclqdgyfi3vi86b-redis-8.2.2",
              "default": true
            }
          ],
          "store_path": "/nix/store/vixhsgdlv2d8hm66jkclqdgyfi3vi86b-redis-8.2.2"
        },
        "x86_64-linux": {
          "outputs": [
            {
              "name": "out",
              "path": "/nix/store/z6sw7nrc62l9z1mm05dqx4vz3a65lgb6-redis-8.2.2",
              "default": true
            }
          ],
          "store_path": "/nix/store/z6sw7nrc62l9z1mm05dqx4vz3a65lgb6-redis-8.2.2"
        }
      }
    },
    "zlib@latest": {
      "last_modified": "2025-10-08T10:03:27Z",
      "resolved": "github:NixOS/nixpkgs/fb5cf53218b987f2703a5bbc292a030c0fe33443#zlib",
      "source": "devbox-search",
      "version": "1.3.1",
      "systems": {
        "aarch64-darwin": {
          "outputs": [
            {
              "name": "out",
              "path": "/nix/store/5vnba43n1w87cs2i2dd242zy88k4dwf9-zlib-1.3.1",
              "default": true
            },
            {
              "name": "dev",
              "path": "/nix/store/86xjpgsysygxdhfczssrlj24mi22wxiq-zlib-1.3.1-dev"
            },
            {
              "name": "static",
              "path": "/nix/store/39mpcp31vw48raa6lj7k2di0ln922bjp-zlib-1.3.1-static"
            }
          ],
          "store_path": "/nix/store/5vnba43n1w87cs2i2dd242zy88k4dwf9-zlib-1.3.1"
        },
        "aarch64-linux": {
          "outputs": [
            {
              "name": "out",
              "path": "/nix/store/h5gyhqv452n16izdh86s3rvdq1fcg2pb-zlib-1.3.1",
              "default": true
            },
            {
              "name": "dev",
              "path": "/nix/store/c7jl10xakizqzj2wv5arnjggwv1vh3r0-zlib-1.3.1-dev"
            },
            {
              "name": "static",
              "path": "/nix/store/plix72ay1sq7l91qm97a0ls7haa0hmv8-zlib-1.3.1-static"
            }
          ],
          "store_path": "/nix/store/h5gyhqv452n16izdh86s3rvdq1fcg2pb-zlib-1.3.1"
        },
        "x86_64-darwin": {
          "outputs": [
            {
              "name": "out",
              "path": "/nix/store/yy41r1jfz748y6xq4dc54qm4xlravz95-zlib-1.3.1",
              "default": true
            },
            {
              "name": "dev",
              "path": "/nix/store/kw5wnbgivfxif9m2g8i4ks0whdgnh158-zlib-1.3.1-dev"
            },
            {
              "name": "static",
              "path": "/nix/store/l6mprw6il6i4dx78pcnn7as09287f9nh-zlib-1.3.1-static"
            }
          ],
          "store_path": "/nix/store/yy41r1jfz748y6xq4dc54qm4xlravz95-zlib-1.3.1"
        },
        "x86_64-linux": {
          "outputs": [
            {
              "name": "out",
              "path": "/nix/store/6qi8skh85ci2k9gvl27nnh3kiy32qnsz-zlib-1.3.1",
              "default": true
            },
            {
              "name": "dev",
              "path": "/nix/store/6fqij3sy1mlsnq1n679bzbl5bkqs7yvk-zlib-1.3.1-dev"
            },
            {
              "name": "static",
              "path": "/nix/store/b1l0v5czhw4c410nxvk5lbjfv9r8h7h7-zlib-1.3.1-static"
            }
          ],
          "store_path": "/nix/store/6qi8skh85ci2k9gvl27nnh3kiy32qnsz-zlib-1.3.1"
        }
      }
    }
  }
}
